
Microsoft Visual Studio Solution File, Format Version 12.00
# Visual Studio Version 17
VisualStudioVersion = 17.14.36203.30
MinimumVisualStudioVersion = 10.0.40219.1
Project("{FAE04EC0-301F-11D3-BF4B-00C04F79EFBC}") = "CursoCSharp", "CursoCSharp.csproj", "{D259EC5B-8DFB-4A0D-923F-6D9CE4023187}"
EndProject
Global
	GlobalSection(SolutionConfigurationPlatforms) = preSolution
		Debug|Any CPU = Debug|Any CPU
		Release|Any CPU = Release|Any CPU
	EndGlobalSection
	GlobalSection(ProjectConfigurationPlatforms) = postSolution
		{D259EC5B-8DFB-4A0D-923F-6D9CE4023187}.Debug|Any CPU.ActiveCfg = Debug|Any CPU
		{D259EC5B-8DFB-4A0D-923F-6D9CE4023187}.Debug|Any CPU.Build.0 = Debug|Any CPU
		{D259EC5B-8DFB-4A0D-923F-6D9CE4023187}.Release|Any CPU.ActiveCfg = Release|Any CPU
		{D259EC5B-8DFB-4A0D-923F-6D9CE4023187}.Release|Any CPU.Build.0 = Release|Any CPU
	EndGlobalSection
	GlobalSection(SolutionProperties) = preSolution
		HideSolutionNode = FALSE
	EndGlobalSection
	GlobalSection(ExtensibilityGlobals) = postSolution
		SolutionGuid = {CEFAB040-9AAD-4786-9D91-D7E59C7FC639}
	EndGlobalSection
EndGlobal
